{
  "version": 4,
  "terraform_version": "1.0.11",
  "serial": 41,
  "lineage": "36ae9594-8576-830d-a665-31f43a4c81d3",
  "outputs": {},
  "resources": [
    {
      "module": "module.image[\"influxdb\"]",
      "mode": "managed",
      "type": "docker_image",
      "name": "container_image",
      "provider": "provider[\"registry.terraform.io/kreuzwerker/docker\"]",
      "instances": [
        {
          "schema_version": 0,
          "attributes": {
            "build": [],
            "force_remove": null,
            "id": "sha256:6ff4c212a8c94ff27ffa9286fb8a08f3aa760e5406f9a2288c4c3c9cc9ce79adinfluxdb:2.0",
            "keep_locally": null,
            "latest": "sha256:6ff4c212a8c94ff27ffa9286fb8a08f3aa760e5406f9a2288c4c3c9cc9ce79ad",
            "name": "influxdb:2.0",
            "output": null,
            "pull_trigger": null,
            "pull_triggers": null,
            "repo_digest": "influxdb@sha256:c68d9a06078f99d146b64c8d1a13f7e471e62bca0ed398e1a4d729ce860cdcd9"
          },
          "sensitive_attributes": [],
          "private": "bnVsbA=="
        }
      ]
    }
  ]
}
